
Microsoft Visual Studio Solution File, Format Version 12.00
# Visual Studio Version 16
VisualStudioVersion = 16.0.30225.117
MinimumVisualStudioVersion = 10.0.40219.1
Project("{FAE04EC0-301F-11D3-BF4B-00C04F79EFBC}") = "BookShop", "BookShop\BookShop.csproj", "{9D525CD1-C1AC-4F45-B9AB-2FD5BFA190DA}"
EndProject
Project("{FAE04EC0-301F-11D3-BF4B-00C04F79EFBC}") = "DAL", "DAL\DAL.csproj", "{3DF4F677-3A38-465E-8E93-3CDCCD17A3A3}"
EndProject
Global
	GlobalSection(SolutionConfigurationPlatforms) = preSolution
		Debug|Any CPU = Debug|Any CPU
		Release|Any CPU = Release|Any CPU
	EndGlobalSection
	GlobalSection(ProjectConfigurationPlatforms) = postSolution
		{9D525CD1-C1AC-4F45-B9AB-2FD5BFA190DA}.Debug|Any CPU.ActiveCfg = Debug|Any CPU
		{9D525CD1-C1AC-4F45-B9AB-2FD5BFA190DA}.Debug|Any CPU.Build.0 = Debug|Any CPU
		{9D525CD1-C1AC-4F45-B9AB-2FD5BFA190DA}.Release|Any CPU.ActiveCfg = Release|Any CPU
		{9D525CD1-C1AC-4F45-B9AB-2FD5BFA190DA}.Release|Any CPU.Build.0 = Release|Any CPU
		{3DF4F677-3A38-465E-8E93-3CDCCD17A3A3}.Debug|Any CPU.ActiveCfg = Debug|Any CPU
		{3DF4F677-3A38-465E-8E93-3CDCCD17A3A3}.Debug|Any CPU.Build.0 = Debug|Any CPU
		{3DF4F677-3A38-465E-8E93-3CDCCD17A3A3}.Release|Any CPU.ActiveCfg = Release|Any CPU
		{3DF4F677-3A38-465E-8E93-3CDCCD17A3A3}.Release|Any CPU.Build.0 = Release|Any CPU
	EndGlobalSection
	GlobalSection(SolutionProperties) = preSolution
		HideSolutionNode = FALSE
	EndGlobalSection
	GlobalSection(ExtensibilityGlobals) = postSolution
		SolutionGuid = {BE8B41C1-56A7-46B9-82C4-9F5CF9E99BCB}
	EndGlobalSection
EndGlobal
